// !$*UTF8*$!
{
	archiveVersion = 1;
	classes = {
	};
	objectVersion = 46;
	objects = {

/* Begin PBXBuildFile section */
		49BA06C419777FAE003EC4D3 /* Foundation.framework in Frameworks */ = {isa = PBXBuildFile; fileRef = 49BA06C319777FAE003EC4D3 /* Foundation.framework */; };
		49BA06C619777FAE003EC4D3 /* CoreGraphics.framework in Frameworks */ = {isa = PBXBuildFile; fileRef = 49BA06C519777FAE003EC4D3 /* CoreGraphics.framework */; };
		49BA06C819777FAE003EC4D3 /* UIKit.framework in Frameworks */ = {isa = PBXBuildFile; fileRef = 49BA06C719777FAE003EC4D3 /* UIKit.framework */; };
		49BA06CE19777FAE003EC4D3 /* InfoPlist.strings in Resources */ = {isa = PBXBuildFile; fileRef = 49BA06CC19777FAE003EC4D3 /* InfoPlist.strings */; };
		49BA06D019777FAE003EC4D3 /* main.m in Sources */ = {isa = PBXBuildFile; fileRef = 49BA06CF19777FAE003EC4D3 /* main.m */; };
		49BA06D419777FAE003EC4D3 /* STIAppDelegate.m in Sources */ = {isa = PBXBuildFile; fileRef = 49BA06D319777FAE003EC4D3 /* STIAppDelegate.m */; };
		49BA06D719777FAE003EC4D3 /* Main.storyboard in Resources */ = {isa = PBXBuildFile; fileRef = 49BA06D519777FAE003EC4D3 /* Main.storyboard */; };
		49BA06DA19777FAE003EC4D3 /* STIViewController.m in Sources */ = {isa = PBXBuildFile; fileRef = 49BA06D919777FAE003EC4D3 /* STIViewController.m */; };
		49BA06DC19777FAE003EC4D3 /* Images.xcassets in Resources */ = {isa = PBXBuildFile; fileRef = 49BA06DB19777FAE003EC4D3 /* Images.xcassets */; };
		49BA06E319777FAE003EC4D3 /* XCTest.framework in Frameworks */ = {isa = PBXBuildFile; fileRef = 49BA06E219777FAE003EC4D3 /* XCTest.framework */; };
		49BA06E419777FAE003EC4D3 /* Foundation.framework in Frameworks */ = {isa = PBXBuildFile; fileRef = 49BA06C319777FAE003EC4D3 /* Foundation.framework */; };
		49BA06E519777FAE003EC4D3 /* UIKit.framework in Frameworks */ = {isa = PBXBuildFile; fileRef = 49BA06C719777FAE003EC4D3 /* UIKit.framework */; };
		49BA06ED19777FAE003EC4D3 /* InfoPlist.strings in Resources */ = {isa = PBXBuildFile; fileRef = 49BA06EB19777FAE003EC4D3 /* InfoPlist.strings */; };
		49BA06EF19777FAE003EC4D3 /* GuardTourDemoTests.m in Sources */ = {isa = PBXBuildFile; fileRef = 49BA06EE19777FAE003EC4D3 /* GuardTourDemoTests.m */; };
		49BA06FF1977816D003EC4D3 /* libROXIMITYlib.a in Frameworks */ = {isa = PBXBuildFile; fileRef = 49BA06F81977816D003EC4D3 /* libROXIMITYlib.a */; };
		49BA07001977816D003EC4D3 /* roximity.caf in Resources */ = {isa = PBXBuildFile; fileRef = 49BA06F91977816D003EC4D3 /* roximity.caf */; };
		49BA07011977816D003EC4D3 /* ROXIMITYlib.bundle in Resources */ = {isa = PBXBuildFile; fileRef = 49BA06FE1977816D003EC4D3 /* ROXIMITYlib.bundle */; };
		49BA0705197781D7003EC4D3 /* CoreBluetooth.framework in Frameworks */ = {isa = PBXBuildFile; fileRef = 49BA0702197781D7003EC4D3 /* CoreBluetooth.framework */; };
		49BA0706197781D7003EC4D3 /* CoreLocation.framework in Frameworks */ = {isa = PBXBuildFile; fileRef = 49BA0703197781D7003EC4D3 /* CoreLocation.framework */; };
		49BA0707197781D7003EC4D3 /* CoreTelephony.framework in Frameworks */ = {isa = PBXBuildFile; fileRef = 49BA0704197781D7003EC4D3 /* CoreTelephony.framework */; };
		49BA0709197781E0003EC4D3 /* MessageUI.framework in Frameworks */ = {isa = PBXBuildFile; fileRef = 49BA0708197781E0003EC4D3 /* MessageUI.framework */; };
		49BA070B197781F1003EC4D3 /* CFNetwork.framework in Frameworks */ = {isa = PBXBuildFile; fileRef = 49BA070A197781F1003EC4D3 /* CFNetwork.framework */; };
		49BA070D19778208003EC4D3 /* AdSupport.framework in Frameworks */ = {isa = PBXBuildFile; fileRef = 49BA070C19778208003EC4D3 /* AdSupport.framework */; };
		49BA070F19778215003EC4D3 /* SystemConfiguration.framework in Frameworks */ = {isa = PBXBuildFile; fileRef = 49BA070E19778215003EC4D3 /* SystemConfiguration.framework */; };
		49BDC7AE197AFB2D00F11E48 /* GuardPatrol.xcdatamodeld in Sources */ = {isa = PBXBuildFile; fileRef = 49BDC7AC197AFB2D00F11E48 /* GuardPatrol.xcdatamodeld */; };
		49BDC7B1197B036000F11E48 /* DataManager.m in Sources */ = {isa = PBXBuildFile; fileRef = 49BDC7B0197B036000F11E48 /* DataManager.m */; };
		49BDC7B4197B0D0900F11E48 /* STIProperty.m in Sources */ = {isa = PBXBuildFile; fileRef = 49BDC7B3197B0D0900F11E48 /* STIProperty.m */; };
		49BDC7B7197B0D0900F11E48 /* STIPatrol.m in Sources */ = {isa = PBXBuildFile; fileRef = 49BDC7B6197B0D0900F11E48 /* STIPatrol.m */; };
		49BDC7BA197B0D0900F11E48 /* STIBeacon.m in Sources */ = {isa = PBXBuildFile; fileRef = 49BDC7B9197B0D0900F11E48 /* STIBeacon.m */; };
		49BDC7BD197B18B500F11E48 /* STIBeaconController.m in Sources */ = {isa = PBXBuildFile; fileRef = 49BDC7BC197B18B500F11E48 /* STIBeaconController.m */; };
		49BDC7C0197CAA3C00F11E48 /* STIMainVC.m in Sources */ = {isa = PBXBuildFile; fileRef = 49BDC7BF197CAA3C00F11E48 /* STIMainVC.m */; };
		49BDC7C3197CAA8000F11E48 /* STIArrivalVC.m in Sources */ = {isa = PBXBuildFile; fileRef = 49BDC7C2197CAA8000F11E48 /* STIArrivalVC.m */; };
		49BDC7C6197CAE7E00F11E48 /* Big-house.jpg in Resources */ = {isa = PBXBuildFile; fileRef = 49BDC7C5197CAE7E00F11E48 /* Big-house.jpg */; };
		49BDC7C9197D4F1300F11E48 /* AudioToolbox.framework in Frameworks */ = {isa = PBXBuildFile; fileRef = 49BDC7C8197D4F1300F11E48 /* AudioToolbox.framework */; };
		49BDC7CB197D52BE00F11E48 /* badge.jpg in Resources */ = {isa = PBXBuildFile; fileRef = 49BDC7CA197D52BE00F11E48 /* badge.jpg */; };
		49EFD16A197ACC3B001F9B70 /* STIPatrolTVC.m in Sources */ = {isa = PBXBuildFile; fileRef = 49EFD169197ACC3B001F9B70 /* STIPatrolTVC.m */; };
		51154C03E5C1433F8B6724B3 /* libPods-GuardTourDemo.a in Frameworks */ = {isa = PBXBuildFile; fileRef = 98E9BC9F7B7D4F5FBD9FB60A /* libPods-GuardTourDemo.a */; };
/* End PBXBuildFile section */

/* Begin PBXContainerItemProxy section */
		49BA06E619777FAE003EC4D3 /* PBXContainerItemProxy */ = {
			isa = PBXContainerItemProxy;
			containerPortal = 49BA06B819777FAE003EC4D3 /* Project object */;
			proxyType = 1;
			remoteGlobalIDString = 49BA06BF19777FAE003EC4D3;
			remoteInfo = GuardTourDemo;
		};
/* End PBXContainerItemProxy section */

/* Begin PBXFileReference section */
		49BA06C019777FAE003EC4D3 /* GuardTourDemo.app */ = {isa = PBXFileReference; explicitFileType = wrapper.application; includeInIndex = 0; path = GuardTourDemo.app; sourceTree = BUILT_PRODUCTS_DIR; };
		49BA06C319777FAE003EC4D3 /* Foundation.framework */ = {isa = PBXFileReference; lastKnownFileType = wrapper.framework; name = Foundation.framework; path = System/Library/Frameworks/Foundation.framework; sourceTree = SDKROOT; };
		49BA06C519777FAE003EC4D3 /* CoreGraphics.framework */ = {isa = PBXFileReference; lastKnownFileType = wrapper.framework; name = CoreGraphics.framework; path = System/Library/Frameworks/CoreGraphics.framework; sourceTree = SDKROOT; };
		49BA06C719777FAE003EC4D3 /* UIKit.framework */ = {isa = PBXFileReference; lastKnownFileType = wrapper.framework; name = UIKit.framework; path = System/Library/Frameworks/UIKit.framework; sourceTree = SDKROOT; };
		49BA06CB19777FAE003EC4D3 /* GuardTourDemo-Info.plist */ = {isa = PBXFileReference; lastKnownFileType = text.plist.xml; path = "GuardTourDemo-Info.plist"; sourceTree = "<group>"; };
		49BA06CD19777FAE003EC4D3 /* en */ = {isa = PBXFileReference; lastKnownFileType = text.plist.strings; name = en; path = en.lproj/InfoPlist.strings; sourceTree = "<group>"; };
		49BA06CF19777FAE003EC4D3 /* main.m */ = {isa = PBXFileReference; lastKnownFileType = sourcecode.c.objc; path = main.m; sourceTree = "<group>"; };
		49BA06D119777FAE003EC4D3 /* GuardTourDemo-Prefix.pch */ = {isa = PBXFileReference; lastKnownFileType = sourcecode.c.h; path = "GuardTourDemo-Prefix.pch"; sourceTree = "<group>"; };
		49BA06D219777FAE003EC4D3 /* STIAppDelegate.h */ = {isa = PBXFileReference; lastKnownFileType = sourcecode.c.h; path = STIAppDelegate.h; sourceTree = "<group>"; };
		49BA06D319777FAE003EC4D3 /* STIAppDelegate.m */ = {isa = PBXFileReference; lastKnownFileType = sourcecode.c.objc; path = STIAppDelegate.m; sourceTree = "<group>"; };
		49BA06D619777FAE003EC4D3 /* Base */ = {isa = PBXFileReference; lastKnownFileType = file.storyboard; name = Base; path = Base.lproj/Main.storyboard; sourceTree = "<group>"; };
		49BA06D819777FAE003EC4D3 /* STIViewController.h */ = {isa = PBXFileReference; lastKnownFileType = sourcecode.c.h; path = STIViewController.h; sourceTree = "<group>"; };
		49BA06D919777FAE003EC4D3 /* STIViewController.m */ = {isa = PBXFileReference; lastKnownFileType = sourcecode.c.objc; path = STIViewController.m; sourceTree = "<group>"; };
		49BA06DB19777FAE003EC4D3 /* Images.xcassets */ = {isa = PBXFileReference; lastKnownFileType = folder.assetcatalog; path = Images.xcassets; sourceTree = "<group>"; };
		49BA06E119777FAE003EC4D3 /* GuardTourDemoTests.xctest */ = {isa = PBXFileReference; explicitFileType = wrapper.cfbundle; includeInIndex = 0; path = GuardTourDemoTests.xctest; sourceTree = BUILT_PRODUCTS_DIR; };
		49BA06E219777FAE003EC4D3 /* XCTest.framework */ = {isa = PBXFileReference; lastKnownFileType = wrapper.framework; name = XCTest.framework; path = Library/Frameworks/XCTest.framework; sourceTree = DEVELOPER_DIR; };
		49BA06EA19777FAE003EC4D3 /* GuardTourDemoTests-Info.plist */ = {isa = PBXFileReference; lastKnownFileType = text.plist.xml; path = "GuardTourDemoTests-Info.plist"; sourceTree = "<group>"; };
		49BA06EC19777FAE003EC4D3 /* en */ = {isa = PBXFileReference; lastKnownFileType = text.plist.strings; name = en; path = en.lproj/InfoPlist.strings; sourceTree = "<group>"; };
		49BA06EE19777FAE003EC4D3 /* GuardTourDemoTests.m */ = {isa = PBXFileReference; lastKnownFileType = sourcecode.c.objc; path = GuardTourDemoTests.m; sourceTree = "<group>"; };
		49BA06F81977816D003EC4D3 /* libROXIMITYlib.a */ = {isa = PBXFileReference; lastKnownFileType = archive.ar; path = libROXIMITYlib.a; sourceTree = "<group>"; };
		49BA06F91977816D003EC4D3 /* roximity.caf */ = {isa = PBXFileReference; lastKnownFileType = file; path = roximity.caf; sourceTree = "<group>"; };
		49BA06FB1977816D003EC4D3 /* ROXIMITYEngine.h */ = {isa = PBXFileReference; fileEncoding = 4; lastKnownFileType = sourcecode.c.h; path = ROXIMITYEngine.h; sourceTree = "<group>"; };
		49BA06FC1977816D003EC4D3 /* ROXIMITYlib.h */ = {isa = PBXFileReference; fileEncoding = 4; lastKnownFileType = sourcecode.c.h; path = ROXIMITYlib.h; sourceTree = "<group>"; };
		49BA06FD1977816D003EC4D3 /* ROXNotifications.h */ = {isa = PBXFileReference; fileEncoding = 4; lastKnownFileType = sourcecode.c.h; path = ROXNotifications.h; sourceTree = "<group>"; };
		49BA06FE1977816D003EC4D3 /* ROXIMITYlib.bundle */ = {isa = PBXFileReference; lastKnownFileType = "wrapper.plug-in"; path = ROXIMITYlib.bundle; sourceTree = "<group>"; };
		49BA0702197781D7003EC4D3 /* CoreBluetooth.framework */ = {isa = PBXFileReference; lastKnownFileType = wrapper.framework; name = CoreBluetooth.framework; path = System/Library/Frameworks/CoreBluetooth.framework; sourceTree = SDKROOT; };
		49BA0703197781D7003EC4D3 /* CoreLocation.framework */ = {isa = PBXFileReference; lastKnownFileType = wrapper.framework; name = CoreLocation.framework; path = System/Library/Frameworks/CoreLocation.framework; sourceTree = SDKROOT; };
		49BA0704197781D7003EC4D3 /* CoreTelephony.framework */ = {isa = PBXFileReference; lastKnownFileType = wrapper.framework; name = CoreTelephony.framework; path = System/Library/Frameworks/CoreTelephony.framework; sourceTree = SDKROOT; };
		49BA0708197781E0003EC4D3 /* MessageUI.framework */ = {isa = PBXFileReference; lastKnownFileType = wrapper.framework; name = MessageUI.framework; path = System/Library/Frameworks/MessageUI.framework; sourceTree = SDKROOT; };
		49BA070A197781F1003EC4D3 /* CFNetwork.framework */ = {isa = PBXFileReference; lastKnownFileType = wrapper.framework; name = CFNetwork.framework; path = System/Library/Frameworks/CFNetwork.framework; sourceTree = SDKROOT; };
		49BA070C19778208003EC4D3 /* AdSupport.framework */ = {isa = PBXFileReference; lastKnownFileType = wrapper.framework; name = AdSupport.framework; path = System/Library/Frameworks/AdSupport.framework; sourceTree = SDKROOT; };
		49BA070E19778215003EC4D3 /* SystemConfiguration.framework */ = {isa = PBXFileReference; lastKnownFileType = wrapper.framework; name = SystemConfiguration.framework; path = System/Library/Frameworks/SystemConfiguration.framework; sourceTree = SDKROOT; };
		49BDC7AD197AFB2D00F11E48 /* GuardPatrol.xcdatamodel */ = {isa = PBXFileReference; lastKnownFileType = wrapper.xcdatamodel; path = GuardPatrol.xcdatamodel; sourceTree = "<group>"; };
		49BDC7AF197B036000F11E48 /* DataManager.h */ = {isa = PBXFileReference; fileEncoding = 4; lastKnownFileType = sourcecode.c.h; path = DataManager.h; sourceTree = "<group>"; };
		49BDC7B0197B036000F11E48 /* DataManager.m */ = {isa = PBXFileReference; fileEncoding = 4; lastKnownFileType = sourcecode.c.objc; path = DataManager.m; sourceTree = "<group>"; };
		49BDC7B2197B0D0900F11E48 /* STIProperty.h */ = {isa = PBXFileReference; fileEncoding = 4; lastKnownFileType = sourcecode.c.h; path = STIProperty.h; sourceTree = "<group>"; };
		49BDC7B3197B0D0900F11E48 /* STIProperty.m */ = {isa = PBXFileReference; fileEncoding = 4; lastKnownFileType = sourcecode.c.objc; path = STIProperty.m; sourceTree = "<group>"; };
		49BDC7B5197B0D0900F11E48 /* STIPatrol.h */ = {isa = PBXFileReference; fileEncoding = 4; lastKnownFileType = sourcecode.c.h; path = STIPatrol.h; sourceTree = "<group>"; };
		49BDC7B6197B0D0900F11E48 /* STIPatrol.m */ = {isa = PBXFileReference; fileEncoding = 4; lastKnownFileType = sourcecode.c.objc; path = STIPatrol.m; sourceTree = "<group>"; };
		49BDC7B8197B0D0900F11E48 /* STIBeacon.h */ = {isa = PBXFileReference; fileEncoding = 4; lastKnownFileType = sourcecode.c.h; path = STIBeacon.h; sourceTree = "<group>"; };
		49BDC7B9197B0D0900F11E48 /* STIBeacon.m */ = {isa = PBXFileReference; fileEncoding = 4; lastKnownFileType = sourcecode.c.objc; path = STIBeacon.m; sourceTree = "<group>"; };
		49BDC7BB197B18B500F11E48 /* STIBeaconController.h */ = {isa = PBXFileReference; fileEncoding = 4; lastKnownFileType = sourcecode.c.h; path = STIBeaconController.h; sourceTree = "<group>"; };
		49BDC7BC197B18B500F11E48 /* STIBeaconController.m */ = {isa = PBXFileReference; fileEncoding = 4; lastKnownFileType = sourcecode.c.objc; path = STIBeaconController.m; sourceTree = "<group>"; };
		49BDC7BE197CAA3C00F11E48 /* STIMainVC.h */ = {isa = PBXFileReference; fileEncoding = 4; lastKnownFileType = sourcecode.c.h; path = STIMainVC.h; sourceTree = "<group>"; };
		49BDC7BF197CAA3C00F11E48 /* STIMainVC.m */ = {isa = PBXFileReference; fileEncoding = 4; lastKnownFileType = sourcecode.c.objc; path = STIMainVC.m; sourceTree = "<group>"; };
		49BDC7C1197CAA8000F11E48 /* STIArrivalVC.h */ = {isa = PBXFileReference; fileEncoding = 4; lastKnownFileType = sourcecode.c.h; path = STIArrivalVC.h; sourceTree = "<group>"; };
		49BDC7C2197CAA8000F11E48 /* STIArrivalVC.m */ = {isa = PBXFileReference; fileEncoding = 4; lastKnownFileType = sourcecode.c.objc; path = STIArrivalVC.m; sourceTree = "<group>"; };
		49BDC7C5197CAE7E00F11E48 /* Big-house.jpg */ = {isa = PBXFileReference; lastKnownFileType = image.jpeg; path = "Big-house.jpg"; sourceTree = "<group>"; };
		49BDC7C8197D4F1300F11E48 /* AudioToolbox.framework */ = {isa = PBXFileReference; lastKnownFileType = wrapper.framework; name = AudioToolbox.framework; path = System/Library/Frameworks/AudioToolbox.framework; sourceTree = SDKROOT; };
		49BDC7CA197D52BE00F11E48 /* badge.jpg */ = {isa = PBXFileReference; lastKnownFileType = image.jpeg; path = badge.jpg; sourceTree = "<group>"; };
		49EFD168197ACC3B001F9B70 /* STIPatrolTVC.h */ = {isa = PBXFileReference; fileEncoding = 4; lastKnownFileType = sourcecode.c.h; path = STIPatrolTVC.h; sourceTree = "<group>"; };
		49EFD169197ACC3B001F9B70 /* STIPatrolTVC.m */ = {isa = PBXFileReference; fileEncoding = 4; lastKnownFileType = sourcecode.c.objc; path = STIPatrolTVC.m; sourceTree = "<group>"; };
		915247DCEA5744D5930A57EB /* Pods-GuardTourDemo.xcconfig */ = {isa = PBXFileReference; includeInIndex = 1; lastKnownFileType = text.xcconfig; name = "Pods-GuardTourDemo.xcconfig"; path = "Pods/Pods-GuardTourDemo.xcconfig"; sourceTree = "<group>"; };
		98E9BC9F7B7D4F5FBD9FB60A /* libPods-GuardTourDemo.a */ = {isa = PBXFileReference; explicitFileType = archive.ar; includeInIndex = 0; path = "libPods-GuardTourDemo.a"; sourceTree = BUILT_PRODUCTS_DIR; };
/* End PBXFileReference section */

/* Begin PBXFrameworksBuildPhase section */
		49BA06BD19777FAE003EC4D3 /* Frameworks */ = {
			isa = PBXFrameworksBuildPhase;
			buildActionMask = 2147483647;
			files = (
				49BDC7C9197D4F1300F11E48 /* AudioToolbox.framework in Frameworks */,
				49BA070F19778215003EC4D3 /* SystemConfiguration.framework in Frameworks */,
				49BA070D19778208003EC4D3 /* AdSupport.framework in Frameworks */,
				49BA06C419777FAE003EC4D3 /* Foundation.framework in Frameworks */,
				49BA070B197781F1003EC4D3 /* CFNetwork.framework in Frameworks */,
				49BA0709197781E0003EC4D3 /* MessageUI.framework in Frameworks */,
				49BA0705197781D7003EC4D3 /* CoreBluetooth.framework in Frameworks */,
				49BA0706197781D7003EC4D3 /* CoreLocation.framework in Frameworks */,
				49BA0707197781D7003EC4D3 /* CoreTelephony.framework in Frameworks */,
				49BA06C619777FAE003EC4D3 /* CoreGraphics.framework in Frameworks */,
				49BA06C819777FAE003EC4D3 /* UIKit.framework in Frameworks */,
				49BA06FF1977816D003EC4D3 /* libROXIMITYlib.a in Frameworks */,
				51154C03E5C1433F8B6724B3 /* libPods-GuardTourDemo.a in Frameworks */,
			);
			runOnlyForDeploymentPostprocessing = 0;
		};
		49BA06DE19777FAE003EC4D3 /* Frameworks */ = {
			isa = PBXFrameworksBuildPhase;
			buildActionMask = 2147483647;
			files = (
				49BA06E319777FAE003EC4D3 /* XCTest.framework in Frameworks */,
				49BA06E519777FAE003EC4D3 /* UIKit.framework in Frameworks */,
				49BA06E419777FAE003EC4D3 /* Foundation.framework in Frameworks */,
			);
			runOnlyForDeploymentPostprocessing = 0;
		};
/* End PBXFrameworksBuildPhase section */

/* Begin PBXGroup section */
		49BA06B719777FAE003EC4D3 = {
			isa = PBXGroup;
			children = (
				49BDC7C4197CAE6F00F11E48 /* Resources */,
				49BA06C919777FAE003EC4D3 /* GuardTourDemo */,
				49BA06E819777FAE003EC4D3 /* GuardTourDemoTests */,
				49BA06C219777FAE003EC4D3 /* Frameworks */,
				49BA06C119777FAE003EC4D3 /* Products */,
				915247DCEA5744D5930A57EB /* Pods-GuardTourDemo.xcconfig */,
			);
			sourceTree = "<group>";
		};
		49BA06C119777FAE003EC4D3 /* Products */ = {
			isa = PBXGroup;
			children = (
				49BA06C019777FAE003EC4D3 /* GuardTourDemo.app */,
				49BA06E119777FAE003EC4D3 /* GuardTourDemoTests.xctest */,
			);
			name = Products;
			sourceTree = "<group>";
		};
		49BA06C219777FAE003EC4D3 /* Frameworks */ = {
			isa = PBXGroup;
			children = (
				49BDC7C8197D4F1300F11E48 /* AudioToolbox.framework */,
				49BA070E19778215003EC4D3 /* SystemConfiguration.framework */,
				49BA070C19778208003EC4D3 /* AdSupport.framework */,
				49BA070A197781F1003EC4D3 /* CFNetwork.framework */,
				49BA0708197781E0003EC4D3 /* MessageUI.framework */,
				49BA0702197781D7003EC4D3 /* CoreBluetooth.framework */,
				49BA0703197781D7003EC4D3 /* CoreLocation.framework */,
				49BA0704197781D7003EC4D3 /* CoreTelephony.framework */,
				49BA06C319777FAE003EC4D3 /* Foundation.framework */,
				49BA06C519777FAE003EC4D3 /* CoreGraphics.framework */,
				49BA06C719777FAE003EC4D3 /* UIKit.framework */,
				49BA06E219777FAE003EC4D3 /* XCTest.framework */,
				98E9BC9F7B7D4F5FBD9FB60A /* libPods-GuardTourDemo.a */,
			);
			name = Frameworks;
			sourceTree = "<group>";
		};
		49BA06C919777FAE003EC4D3 /* GuardTourDemo */ = {
			isa = PBXGroup;
			children = (
				49BDC7AF197B036000F11E48 /* DataManager.h */,
				49BDC7B0197B036000F11E48 /* DataManager.m */,
				49BDC7B8197B0D0900F11E48 /* STIBeacon.h */,
				49BDC7B9197B0D0900F11E48 /* STIBeacon.m */,
				49BDC7B5197B0D0900F11E48 /* STIPatrol.h */,
				49BDC7B6197B0D0900F11E48 /* STIPatrol.m */,
				49BDC7B2197B0D0900F11E48 /* STIProperty.h */,
				49BDC7B3197B0D0900F11E48 /* STIProperty.m */,
				49BA06D219777FAE003EC4D3 /* STIAppDelegate.h */,
				49BA06D319777FAE003EC4D3 /* STIAppDelegate.m */,
				49BA06D519777FAE003EC4D3 /* Main.storyboard */,
				49BDC7AC197AFB2D00F11E48 /* GuardPatrol.xcdatamodeld */,
				49EFD168197ACC3B001F9B70 /* STIPatrolTVC.h */,
				49EFD169197ACC3B001F9B70 /* STIPatrolTVC.m */,
				49BA06D819777FAE003EC4D3 /* STIViewController.h */,
				49BA06D919777FAE003EC4D3 /* STIViewController.m */,
				49BA06DB19777FAE003EC4D3 /* Images.xcassets */,
				49BA06CA19777FAE003EC4D3 /* Supporting Files */,
				49BDC7BB197B18B500F11E48 /* STIBeaconController.h */,
				49BDC7BC197B18B500F11E48 /* STIBeaconController.m */,
				49BDC7BE197CAA3C00F11E48 /* STIMainVC.h */,
				49BDC7BF197CAA3C00F11E48 /* STIMainVC.m */,
				49BDC7C1197CAA8000F11E48 /* STIArrivalVC.h */,
				49BDC7C2197CAA8000F11E48 /* STIArrivalVC.m */,
			);
			path = GuardTourDemo;
			sourceTree = "<group>";
		};
		49BA06CA19777FAE003EC4D3 /* Supporting Files */ = {
			isa = PBXGroup;
			children = (
				49BA06F81977816D003EC4D3 /* libROXIMITYlib.a */,
				49BA06F91977816D003EC4D3 /* roximity.caf */,
				49BA06FA1977816D003EC4D3 /* ROXIMITYlib */,
				49BA06FE1977816D003EC4D3 /* ROXIMITYlib.bundle */,
				49BA06CB19777FAE003EC4D3 /* GuardTourDemo-Info.plist */,
				49BA06CC19777FAE003EC4D3 /* InfoPlist.strings */,
				49BA06CF19777FAE003EC4D3 /* main.m */,
				49BA06D119777FAE003EC4D3 /* GuardTourDemo-Prefix.pch */,
			);
			name = "Supporting Files";
			sourceTree = "<group>";
		};
		49BA06E819777FAE003EC4D3 /* GuardTourDemoTests */ = {
			isa = PBXGroup;
			children = (
				49BA06EE19777FAE003EC4D3 /* GuardTourDemoTests.m */,
				49BA06E919777FAE003EC4D3 /* Supporting Files */,
			);
			path = GuardTourDemoTests;
			sourceTree = "<group>";
		};
		49BA06E919777FAE003EC4D3 /* Supporting Files */ = {
			isa = PBXGroup;
			children = (
				49BA06EA19777FAE003EC4D3 /* GuardTourDemoTests-Info.plist */,
				49BA06EB19777FAE003EC4D3 /* InfoPlist.strings */,
			);
			name = "Supporting Files";
			sourceTree = "<group>";
		};
		49BA06FA1977816D003EC4D3 /* ROXIMITYlib */ = {
			isa = PBXGroup;
			children = (
				49BA06FB1977816D003EC4D3 /* ROXIMITYEngine.h */,
				49BA06FC1977816D003EC4D3 /* ROXIMITYlib.h */,
				49BA06FD1977816D003EC4D3 /* ROXNotifications.h */,
			);
			path = ROXIMITYlib;
			sourceTree = "<group>";
		};
		49BDC7C4197CAE6F00F11E48 /* Resources */ = {
			isa = PBXGroup;
			children = (
				49BDC7CA197D52BE00F11E48 /* badge.jpg */,
				49BDC7C5197CAE7E00F11E48 /* Big-house.jpg */,
			);
			name = Resources;
			sourceTree = "<group>";
		};
/* End PBXGroup section */

/* Begin PBXNativeTarget section */
		49BA06BF19777FAE003EC4D3 /* GuardTourDemo */ = {
			isa = PBXNativeTarget;
			buildConfigurationList = 49BA06F219777FAE003EC4D3 /* Build configuration list for PBXNativeTarget "GuardTourDemo" */;
			buildPhases = (
				8E9E8C9B22BE4DE3BDA89D5F /* Check Pods Manifest.lock */,
				49BA06BC19777FAE003EC4D3 /* Sources */,
				49BA06BD19777FAE003EC4D3 /* Frameworks */,
				49BA06BE19777FAE003EC4D3 /* Resources */,
				095547FCEDBF403D82437C14 /* Copy Pods Resources */,
			);
			buildRules = (
			);
			dependencies = (
			);
			name = GuardTourDemo;
			productName = GuardTourDemo;
			productReference = 49BA06C019777FAE003EC4D3 /* GuardTourDemo.app */;
			productType = "com.apple.product-type.application";
		};
		49BA06E019777FAE003EC4D3 /* GuardTourDemoTests */ = {
			isa = PBXNativeTarget;
			buildConfigurationList = 49BA06F519777FAE003EC4D3 /* Build configuration list for PBXNativeTarget "GuardTourDemoTests" */;
			buildPhases = (
				49BA06DD19777FAE003EC4D3 /* Sources */,
				49BA06DE19777FAE003EC4D3 /* Frameworks */,
				49BA06DF19777FAE003EC4D3 /* Resources */,
			);
			buildRules = (
			);
			dependencies = (
				49BA06E719777FAE003EC4D3 /* PBXTargetDependency */,
			);
			name = GuardTourDemoTests;
			productName = GuardTourDemoTests;
			productReference = 49BA06E119777FAE003EC4D3 /* GuardTourDemoTests.xctest */;
			productType = "com.apple.product-type.bundle.unit-test";
		};
/* End PBXNativeTarget section */

/* Begin PBXProject section */
		49BA06B819777FAE003EC4D3 /* Project object */ = {
			isa = PBXProject;
			attributes = {
				CLASSPREFIX = STI;
				LastUpgradeCheck = 0510;
				ORGANIZATIONNAME = "Seetechnologies Inc.";
				TargetAttributes = {
					49BA06BF19777FAE003EC4D3 = {
						SystemCapabilities = {
							com.apple.BackgroundModes = {
								enabled = 1;
							};
						};
					};
					49BA06E019777FAE003EC4D3 = {
						TestTargetID = 49BA06BF19777FAE003EC4D3;
					};
				};
			};
			buildConfigurationList = 49BA06BB19777FAE003EC4D3 /* Build configuration list for PBXProject "GuardTourDemo" */;
			compatibilityVersion = "Xcode 3.2";
			developmentRegion = English;
			hasScannedForEncodings = 0;
			knownRegions = (
				en,
				Base,
			);
			mainGroup = 49BA06B719777FAE003EC4D3;
			productRefGroup = 49BA06C119777FAE003EC4D3 /* Products */;
			projectDirPath = "";
			projectRoot = "";
			targets = (
				49BA06BF19777FAE003EC4D3 /* GuardTourDemo */,
				49BA06E019777FAE003EC4D3 /* GuardTourDemoTests */,
			);
		};
/* End PBXProject section */

/* Begin PBXResourcesBuildPhase section */
		49BA06BE19777FAE003EC4D3 /* Resources */ = {
			isa = PBXResourcesBuildPhase;
			buildActionMask = 2147483647;
			files = (
				49BDC7CB197D52BE00F11E48 /* badge.jpg in Resources */,
				49BA06DC19777FAE003EC4D3 /* Images.xcassets in Resources */,
				49BA07001977816D003EC4D3 /* roximity.caf in Resources */,
				49BA07011977816D003EC4D3 /* ROXIMITYlib.bundle in Resources */,
				49BDC7C6197CAE7E00F11E48 /* Big-house.jpg in Resources */,
				49BA06CE19777FAE003EC4D3 /* InfoPlist.strings in Resources */,
				49BA06D719777FAE003EC4D3 /* Main.storyboard in Resources */,
			);
			runOnlyForDeploymentPostprocessing = 0;
		};
		49BA06DF19777FAE003EC4D3 /* Resources */ = {
			isa = PBXResourcesBuildPhase;
			buildActionMask = 2147483647;
			files = (
				49BA06ED19777FAE003EC4D3 /* InfoPlist.strings in Resources */,
			);
			runOnlyForDeploymentPostprocessing = 0;
		};
/* End PBXResourcesBuildPhase section */

/* Begin PBXShellScriptBuildPhase section */
		095547FCEDBF403D82437C14 /* Copy Pods Resources */ = {
			isa = PBXShellScriptBuildPhase;
			buildActionMask = 2147483647;
			files = (
			);
			inputPaths = (
			);
			name = "Copy Pods Resources";
			outputPaths = (
			);
			runOnlyForDeploymentPostprocessing = 0;
			shellPath = /bin/sh;
			shellScript = "\"${SRCROOT}/Pods/Pods-GuardTourDemo-resources.sh\"\n";
			showEnvVarsInLog = 0;
		};
		8E9E8C9B22BE4DE3BDA89D5F /* Check Pods Manifest.lock */ = {
			isa = PBXShellScriptBuildPhase;
			buildActionMask = 2147483647;
			files = (
			);
			inputPaths = (
			);
			name = "Check Pods Manifest.lock";
			outputPaths = (
			);
			runOnlyForDeploymentPostprocessing = 0;
			shellPath = /bin/sh;
			shellScript = "diff \"${PODS_ROOT}/../Podfile.lock\" \"${PODS_ROOT}/Manifest.lock\" > /dev/null\nif [[ $? != 0 ]] ; then\n    cat << EOM\nerror: The sandbox is not in sync with the Podfile.lock. Run 'pod install' or update your CocoaPods installation.\nEOM\n    exit 1\nfi\n";
			showEnvVarsInLog = 0;
		};
/* End PBXShellScriptBuildPhase section */

/* Begin PBXSourcesBuildPhase section */
		49BA06BC19777FAE003EC4D3 /* Sources */ = {
			isa = PBXSourcesBuildPhase;
			buildActionMask = 2147483647;
			files = (
				49BDC7B7197B0D0900F11E48 /* STIPatrol.m in Sources */,
				49BDC7B4197B0D0900F11E48 /* STIProperty.m in Sources */,
				49EFD16A197ACC3B001F9B70 /* STIPatrolTVC.m in Sources */,
				49BDC7C0197CAA3C00F11E48 /* STIMainVC.m in Sources */,
				49BDC7BA197B0D0900F11E48 /* STIBeacon.m in Sources */,
				49BDC7B1197B036000F11E48 /* DataManager.m in Sources */,
				49BA06D019777FAE003EC4D3 /* main.m in Sources */,
				49BDC7C3197CAA8000F11E48 /* STIArrivalVC.m in Sources */,
				49BDC7BD197B18B500F11E48 /* STIBeaconController.m in Sources */,
				49BA06D419777FAE003EC4D3 /* STIAppDelegate.m in Sources */,
				49BDC7AE197AFB2D00F11E48 /* GuardPatrol.xcdatamodeld in Sources */,
				49BA06DA19777FAE003EC4D3 /* STIViewController.m in Sources */,
			);
			runOnlyForDeploymentPostprocessing = 0;
		};
		49BA06DD19777FAE003EC4D3 /* Sources */ = {
			isa = PBXSourcesBuildPhase;
			buildActionMask = 2147483647;
			files = (
				49BA06EF19777FAE003EC4D3 /* GuardTourDemoTests.m in Sources */,
			);
			runOnlyForDeploymentPostprocessing = 0;
		};
/* End PBXSourcesBuildPhase section */

/* Begin PBXTargetDependency section */
		49BA06E719777FAE003EC4D3 /* PBXTargetDependency */ = {
			isa = PBXTargetDependency;
			target = 49BA06BF19777FAE003EC4D3 /* GuardTourDemo */;
			targetProxy = 49BA06E619777FAE003EC4D3 /* PBXContainerItemProxy */;
		};
/* End PBXTargetDependency section */

/* Begin PBXVariantGroup section */
		49BA06CC19777FAE003EC4D3 /* InfoPlist.strings */ = {
			isa = PBXVariantGroup;
			children = (
				49BA06CD19777FAE003EC4D3 /* en */,
			);
			name = InfoPlist.strings;
			sourceTree = "<group>";
		};
		49BA06D519777FAE003EC4D3 /* Main.storyboard */ = {
			isa = PBXVariantGroup;
			children = (
				49BA06D619777FAE003EC4D3 /* Base */,
			);
			name = Main.storyboard;
			sourceTree = "<group>";
		};
		49BA06EB19777FAE003EC4D3 /* InfoPlist.strings */ = {
			isa = PBXVariantGroup;
			children = (
				49BA06EC19777FAE003EC4D3 /* en */,
			);
			name = InfoPlist.strings;
			sourceTree = "<group>";
		};
/* End PBXVariantGroup section */

/* Begin XCBuildConfiguration section */
		49BA06F019777FAE003EC4D3 /* Debug */ = {
			isa = XCBuildConfiguration;
			buildSettings = {
				ALWAYS_SEARCH_USER_PATHS = NO;
				CLANG_CXX_LANGUAGE_STANDARD = "gnu++0x";
				CLANG_CXX_LIBRARY = "libc++";
				CLANG_ENABLE_MODULES = YES;
				CLANG_ENABLE_OBJC_ARC = YES;
				CLANG_WARN_BOOL_CONVERSION = YES;
				CLANG_WARN_CONSTANT_CONVERSION = YES;
				CLANG_WARN_DIRECT_OBJC_ISA_USAGE = YES_ERROR;
				CLANG_WARN_EMPTY_BODY = YES;
				CLANG_WARN_ENUM_CONVERSION = YES;
				CLANG_WARN_INT_CONVERSION = YES;
				CLANG_WARN_OBJC_ROOT_CLASS = YES_ERROR;
				CLANG_WARN__DUPLICATE_METHOD_MATCH = YES;
				"CODE_SIGN_IDENTITY[sdk=iphoneos*]" = "iPhone Developer";
				COPY_PHASE_STRIP = NO;
				GCC_C_LANGUAGE_STANDARD = gnu99;
				GCC_DYNAMIC_NO_PIC = NO;
				GCC_OPTIMIZATION_LEVEL = 0;
				GCC_PREPROCESSOR_DEFINITIONS = (
					"DEBUG=1",
					"$(inherited)",
				);
				GCC_SYMBOLS_PRIVATE_EXTERN = NO;
				GCC_WARN_64_TO_32_BIT_CONVERSION = YES;
				GCC_WARN_ABOUT_RETURN_TYPE = YES_ERROR;
				GCC_WARN_UNDECLARED_SELECTOR = YES;
				GCC_WARN_UNINITIALIZED_AUTOS = YES_AGGRESSIVE;
				GCC_WARN_UNUSED_FUNCTION = YES;
				GCC_WARN_UNUSED_VARIABLE = YES;
				IPHONEOS_DEPLOYMENT_TARGET = 7.1;
				ONLY_ACTIVE_ARCH = YES;
				SDKROOT = iphoneos;
			};
			name = Debug;
		};
		49BA06F119777FAE003EC4D3 /* Release */ = {
			isa = XCBuildConfiguration;
			buildSettings = {
				ALWAYS_SEARCH_USER_PATHS = NO;
				CLANG_CXX_LANGUAGE_STANDARD = "gnu++0x";
				CLANG_CXX_LIBRARY = "libc++";
				CLANG_ENABLE_MODULES = YES;
				CLANG_ENABLE_OBJC_ARC = YES;
				CLANG_WARN_BOOL_CONVERSION = YES;
				CLANG_WARN_CONSTANT_CONVERSION = YES;
				CLANG_WARN_DIRECT_OBJC_ISA_USAGE = YES_ERROR;
				CLANG_WARN_EMPTY_BODY = YES;
				CLANG_WARN_ENUM_CONVERSION = YES;
				CLANG_WARN_INT_CONVERSION = YES;
				CLANG_WARN_OBJC_ROOT_CLASS = YES_ERROR;
				CLANG_WARN__DUPLICATE_METHOD_MATCH = YES;
				"CODE_SIGN_IDENTITY[sdk=iphoneos*]" = "iPhone Developer";
				COPY_PHASE_STRIP = YES;
				ENABLE_NS_ASSERTIONS = NO;
				GCC_C_LANGUAGE_STANDARD = gnu99;
				GCC_WARN_64_TO_32_BIT_CONVERSION = YES;
				GCC_WARN_ABOUT_RETURN_TYPE = YES_ERROR;
				GCC_WARN_UNDECLARED_SELECTOR = YES;
				GCC_WARN_UNINITIALIZED_AUTOS = YES_AGGRESSIVE;
				GCC_WARN_UNUSED_FUNCTION = YES;
				GCC_WARN_UNUSED_VARIABLE = YES;
				IPHONEOS_DEPLOYMENT_TARGET = 7.1;
				SDKROOT = iphoneos;
				VALIDATE_PRODUCT = YES;
			};
			name = Release;
		};
		49BA06F319777FAE003EC4D3 /* Debug */ = {
			isa = XCBuildConfiguration;
			baseConfigurationReference = 915247DCEA5744D5930A57EB /* Pods-GuardTourDemo.xcconfig */;
			buildSettings = {
				ASSETCATALOG_COMPILER_APPICON_NAME = AppIcon;
				ASSETCATALOG_COMPILER_LAUNCHIMAGE_NAME = LaunchImage;
				GCC_PRECOMPILE_PREFIX_HEADER = YES;
				GCC_PREFIX_HEADER = "GuardTourDemo/GuardTourDemo-Prefix.pch";
				HEADER_SEARCH_PATHS = (
					"\"${PODS_ROOT}/Headers\"",
					"\"${PODS_ROOT}/Headers/AFNetworking\"",
					"$(PROJECT_DIR)/../**",
				);
				INFOPLIST_FILE = "GuardTourDemo/GuardTourDemo-Info.plist";
				LIBRARY_SEARCH_PATHS = (
					"$(inherited)",
					"$(PROJECT_DIR)/GuardTourDemo",
				);
				PRODUCT_NAME = "$(TARGET_NAME)";
				WRAPPER_EXTENSION = app;
			};
			name = Debug;
		};
		49BA06F419777FAE003EC4D3 /* Release */ = {
			isa = XCBuildConfiguration;
			baseConfigurationReference = 915247DCEA5744D5930A57EB /* Pods-GuardTourDemo.xcconfig */;
			buildSettings = {
				ASSETCATALOG_COMPILER_APPICON_NAME = AppIcon;
				ASSETCATALOG_COMPILER_LAUNCHIMAGE_NAME = LaunchImage;
				GCC_PRECOMPILE_PREFIX_HEADER = YES;
				GCC_PREFIX_HEADER = "GuardTourDemo/GuardTourDemo-Prefix.pch";
				HEADER_SEARCH_PATHS = (
					"\"${PODS_ROOT}/Headers\"",
					"\"${PODS_ROOT}/Headers/AFNetworking\"",
					"$(PROJECT_DIR)/../**",
				);
				INFOPLIST_FILE = "GuardTourDemo/GuardTourDemo-Info.plist";
				LIBRARY_SEARCH_PATHS = (
					"$(inherited)",
					"$(PROJECT_DIR)/GuardTourDemo",
				);
				PRODUCT_NAME = "$(TARGET_NAME)";
				WRAPPER_EXTENSION = app;
			};
			name = Release;
		};
		49BA06F619777FAE003EC4D3 /* Debug */ = {
			isa = XCBuildConfiguration;
			buildSettings = {
				BUNDLE_LOADER = "$(BUILT_PRODUCTS_DIR)/GuardTourDemo.app/GuardTourDemo";
				FRAMEWORK_SEARCH_PATHS = (
					"$(SDKROOT)/Developer/Library/Frameworks",
					"$(inherited)",
					"$(DEVELOPER_FRAMEWORKS_DIR)",
				);
				GCC_PRECOMPILE_PREFIX_HEADER = YES;
				GCC_PREFIX_HEADER = "GuardTourDemo/GuardTourDemo-Prefix.pch";
				GCC_PREPROCESSOR_DEFINITIONS = (
					"DEBUG=1",
					"$(inherited)",
				);
				INFOPLIST_FILE = "GuardTourDemoTests/GuardTourDemoTests-Info.plist";
				PRODUCT_NAME = "$(TARGET_NAME)";
				TEST_HOST = "$(BUNDLE_LOADER)";
				WRAPPER_EXTENSION = xctest;
			};
			name = Debug;
		};
		49BA06F719777FAE003EC4D3 /* Release */ = {
			isa = XCBuildConfiguration;
			buildSettings = {
				BUNDLE_LOADER = "$(BUILT_PRODUCTS_DIR)/GuardTourDemo.app/GuardTourDemo";
				FRAMEWORK_SEARCH_PATHS = (
					"$(SDKROOT)/Developer/Library/Frameworks",
					"$(inherited)",
					"$(DEVELOPER_FRAMEWORKS_DIR)",
				);
				GCC_PRECOMPILE_PREFIX_HEADER = YES;
				GCC_PREFIX_HEADER = "GuardTourDemo/GuardTourDemo-Prefix.pch";
				INFOPLIST_FILE = "GuardTourDemoTests/GuardTourDemoTests-Info.plist";
				PRODUCT_NAME = "$(TARGET_NAME)";
				TEST_HOST = "$(BUNDLE_LOADER)";
				WRAPPER_EXTENSION = xctest;
			};
			name = Release;
		};
/* End XCBuildConfiguration section */

/* Begin XCConfigurationList section */
		49BA06BB19777FAE003EC4D3 /* Build configuration list for PBXProject "GuardTourDemo" */ = {
			isa = XCConfigurationList;
			buildConfigurations = (
				49BA06F019777FAE003EC4D3 /* Debug */,
				49BA06F119777FAE003EC4D3 /* Release */,
			);
			defaultConfigurationIsVisible = 0;
			defaultConfigurationName = Release;
		};
		49BA06F219777FAE003EC4D3 /* Build configuration list for PBXNativeTarget "GuardTourDemo" */ = {
			isa = XCConfigurationList;
			buildConfigurations = (
				49BA06F319777FAE003EC4D3 /* Debug */,
				49BA06F419777FAE003EC4D3 /* Release */,
			);
			defaultConfigurationIsVisible = 0;
			defaultConfigurationName = Release;
		};
		49BA06F519777FAE003EC4D3 /* Build configuration list for PBXNativeTarget "GuardTourDemoTests" */ = {
			isa = XCConfigurationList;
			buildConfigurations = (
				49BA06F619777FAE003EC4D3 /* Debug */,
				49BA06F719777FAE003EC4D3 /* Release */,
			);
			defaultConfigurationIsVisible = 0;
			defaultConfigurationName = Release;
		};
/* End XCConfigurationList section */

/* Begin XCVersionGroup section */
		49BDC7AC197AFB2D00F11E48 /* GuardPatrol.xcdatamodeld */ = {
			isa = XCVersionGroup;
			children = (
				49BDC7AD197AFB2D00F11E48 /* GuardPatrol.xcdatamodel */,
			);
			currentVersion = 49BDC7AD197AFB2D00F11E48 /* GuardPatrol.xcdatamodel */;
			path = GuardPatrol.xcdatamodeld;
			sourceTree = "<group>";
			versionGroupType = wrapper.xcdatamodel;
		};
/* End XCVersionGroup section */
	};
	rootObject = 49BA06B819777FAE003EC4D3 /* Project object */;
}
